
Microsoft Visual Studio Solution File, Format Version 12.00
# Visual Studio Version 16
VisualStudioVersion = 16.0.29123.89
MinimumVisualStudioVersion = 10.0.40219.1
Project("{9A19103F-16F7-4668-BE54-9A1E7A4F7556}") = "MyVet.Common", "MyVet.Common\MyVet.Common.csproj", "{4F7BF76F-89A4-4498-8924-B6443A418BF0}"
EndProject
Project("{9A19103F-16F7-4668-BE54-9A1E7A4F7556}") = "MyVet.Web", "MyVet.Web\MyVet.Web.csproj", "{A247E077-1D96-415A-BCAC-B4868B620FCE}"
EndProject
Project("{FAE04EC0-301F-11D3-BF4B-00C04F79EFBC}") = "MyVet.Prism", "MyVet.Prism\MyVet.Prism\MyVet.Prism.csproj", "{72122DF0-35F2-43C7-AE54-430C73514985}"
EndProject
Project("{FAE04EC0-301F-11D3-BF4B-00C04F79EFBC}") = "MyVet.Prism.Android", "MyVet.Prism\MyVet.Prism.Android\MyVet.Prism.Android.csproj", "{40F96E36-F7FD-4A55-B5A9-BE8A426E5B3B}"
EndProject
Project("{FAE04EC0-301F-11D3-BF4B-00C04F79EFBC}") = "MyVet.Prism.iOS", "MyVet.Prism\MyVet.Prism.iOS\MyVet.Prism.iOS.csproj", "{06DA0CCF-5E85-41FB-A267-4475627C3313}"
EndProject
Global
	GlobalSection(SolutionConfigurationPlatforms) = preSolution
		Ad-Hoc|Any CPU = Ad-Hoc|Any CPU
		Ad-Hoc|iPhone = Ad-Hoc|iPhone
		Ad-Hoc|iPhoneSimulator = Ad-Hoc|iPhoneSimulator
		AppStore|Any CPU = AppStore|Any CPU
		AppStore|iPhone = AppStore|iPhone
		AppStore|iPhoneSimulator = AppStore|iPhoneSimulator
		Debug|Any CPU = Debug|Any CPU
		Debug|iPhone = Debug|iPhone
		Debug|iPhoneSimulator = Debug|iPhoneSimulator
		Release|Any CPU = Release|Any CPU
		Release|iPhone = Release|iPhone
		Release|iPhoneSimulator = Release|iPhoneSimulator
	EndGlobalSection
	GlobalSection(ProjectConfigurationPlatforms) = postSolution
		{4F7BF76F-89A4-4498-8924-B6443A418BF0}.Ad-Hoc|Any CPU.ActiveCfg = Release|Any CPU
		{4F7BF76F-89A4-4498-8924-B6443A418BF0}.Ad-Hoc|Any CPU.Build.0 = Release|Any CPU
		{4F7BF76F-89A4-4498-8924-B6443A418BF0}.Ad-Hoc|iPhone.ActiveCfg = Release|Any CPU
		{4F7BF76F-89A4-4498-8924-B6443A418BF0}.Ad-Hoc|iPhone.Build.0 = Release|Any CPU
		{4F7BF76F-89A4-4498-8924-B6443A418BF0}.Ad-Hoc|iPhoneSimulator.ActiveCfg = Release|Any CPU
		{4F7BF76F-89A4-4498-8924-B6443A418BF0}.Ad-Hoc|iPhoneSimulator.Build.0 = Release|Any CPU
		{4F7BF76F-89A4-4498-8924-B6443A418BF0}.AppStore|Any CPU.ActiveCfg = Release|Any CPU
		{4F7BF76F-89A4-4498-8924-B6443A418BF0}.AppStore|Any CPU.Build.0 = Release|Any CPU
		{4F7BF76F-89A4-4498-8924-B6443A418BF0}.AppStore|iPhone.ActiveCfg = Release|Any CPU
		{4F7BF76F-89A4-4498-8924-B6443A418BF0}.AppStore|iPhone.Build.0 = Release|Any CPU
		{4F7BF76F-89A4-4498-8924-B6443A418BF0}.AppStore|iPhoneSimulator.ActiveCfg = Release|Any CPU
		{4F7BF76F-89A4-4498-8924-B6443A418BF0}.AppStore|iPhoneSimulator.Build.0 = Release|Any CPU
		{4F7BF76F-89A4-4498-8924-B6443A418BF0}.Debug|Any CPU.ActiveCfg = Debug|Any CPU
		{4F7BF76F-89A4-4498-8924-B6443A418BF0}.Debug|Any CPU.Build.0 = Debug|Any CPU
		{4F7BF76F-89A4-4498-8924-B6443A418BF0}.Debug|iPhone.ActiveCfg = Debug|Any CPU
		{4F7BF76F-89A4-4498-8924-B6443A418BF0}.Debug|iPhone.Build.0 = Debug|Any CPU
		{4F7BF76F-89A4-4498-8924-B6443A418BF0}.Debug|iPhoneSimulator.ActiveCfg = Debug|Any CPU
		{4F7BF76F-89A4-4498-8924-B6443A418BF0}.Debug|iPhoneSimulator.Build.0 = Debug|Any CPU
		{4F7BF76F-89A4-4498-8924-B6443A418BF0}.Release|Any CPU.ActiveCfg = Release|Any CPU
		{4F7BF76F-89A4-4498-8924-B6443A418BF0}.Release|Any CPU.Build.0 = Release|Any CPU
		{4F7BF76F-89A4-4498-8924-B6443A418BF0}.Release|iPhone.ActiveCfg = Release|Any CPU
		{4F7BF76F-89A4-4498-8924-B6443A418BF0}.Release|iPhone.Build.0 = Release|Any CPU
		{4F7BF76F-89A4-4498-8924-B6443A418BF0}.Release|iPhoneSimulator.ActiveCfg = Release|Any CPU
		{4F7BF76F-89A4-4498-8924-B6443A418BF0}.Release|iPhoneSimulator.Build.0 = Release|Any CPU
		{A247E077-1D96-415A-BCAC-B4868B620FCE}.Ad-Hoc|Any CPU.ActiveCfg = Release|Any CPU
		{A247E077-1D96-415A-BCAC-B4868B620FCE}.Ad-Hoc|Any CPU.Build.0 = Release|Any CPU
		{A247E077-1D96-415A-BCAC-B4868B620FCE}.Ad-Hoc|iPhone.ActiveCfg = Release|Any CPU
		{A247E077-1D96-415A-BCAC-B4868B620FCE}.Ad-Hoc|iPhone.Build.0 = Release|Any CPU
		{A247E077-1D96-415A-BCAC-B4868B620FCE}.Ad-Hoc|iPhoneSimulator.ActiveCfg = Release|Any CPU
		{A247E077-1D96-415A-BCAC-B4868B620FCE}.Ad-Hoc|iPhoneSimulator.Build.0 = Release|Any CPU
		{A247E077-1D96-415A-BCAC-B4868B620FCE}.AppStore|Any CPU.ActiveCfg = Release|Any CPU
		{A247E077-1D96-415A-BCAC-B4868B620FCE}.AppStore|Any CPU.Build.0 = Release|Any CPU
		{A247E077-1D96-415A-BCAC-B4868B620FCE}.AppStore|iPhone.ActiveCfg = Release|Any CPU
		{A247E077-1D96-415A-BCAC-B4868B620FCE}.AppStore|iPhone.Build.0 = Release|Any CPU
		{A247E077-1D96-415A-BCAC-B4868B620FCE}.AppStore|iPhoneSimulator.ActiveCfg = Release|Any CPU
		{A247E077-1D96-415A-BCAC-B4868B620FCE}.AppStore|iPhoneSimulator.Build.0 = Release|Any CPU
		{A247E077-1D96-415A-BCAC-B4868B620FCE}.Debug|Any CPU.ActiveCfg = Debug|Any CPU
		{A247E077-1D96-415A-BCAC-B4868B620FCE}.Debug|Any CPU.Build.0 = Debug|Any CPU
		{A247E077-1D96-415A-BCAC-B4868B620FCE}.Debug|iPhone.ActiveCfg = Debug|Any CPU
		{A247E077-1D96-415A-BCAC-B4868B620FCE}.Debug|iPhone.Build.0 = Debug|Any CPU
		{A247E077-1D96-415A-BCAC-B4868B620FCE}.Debug|iPhoneSimulator.ActiveCfg = Debug|Any CPU
		{A247E077-1D96-415A-BCAC-B4868B620FCE}.Debug|iPhoneSimulator.Build.0 = Debug|Any CPU
		{A247E077-1D96-415A-BCAC-B4868B620FCE}.Release|Any CPU.ActiveCfg = Release|Any CPU
		{A247E077-1D96-415A-BCAC-B4868B620FCE}.Release|Any CPU.Build.0 = Release|Any CPU
		{A247E077-1D96-415A-BCAC-B4868B620FCE}.Release|iPhone.ActiveCfg = Release|Any CPU
		{A247E077-1D96-415A-BCAC-B4868B620FCE}.Release|iPhone.Build.0 = Release|Any CPU
		{A247E077-1D96-415A-BCAC-B4868B620FCE}.Release|iPhoneSimulator.ActiveCfg = Release|Any CPU
		{A247E077-1D96-415A-BCAC-B4868B620FCE}.Release|iPhoneSimulator.Build.0 = Release|Any CPU
		{72122DF0-35F2-43C7-AE54-430C73514985}.Ad-Hoc|Any CPU.ActiveCfg = Debug|Any CPU
		{72122DF0-35F2-43C7-AE54-430C73514985}.Ad-Hoc|Any CPU.Build.0 = Debug|Any CPU
		{72122DF0-35F2-43C7-AE54-430C73514985}.Ad-Hoc|iPhone.ActiveCfg = Debug|Any CPU
		{72122DF0-35F2-43C7-AE54-430C73514985}.Ad-Hoc|iPhone.Build.0 = Debug|Any CPU
		{72122DF0-35F2-43C7-AE54-430C73514985}.Ad-Hoc|iPhoneSimulator.ActiveCfg = Debug|Any CPU
		{72122DF0-35F2-43C7-AE54-430C73514985}.Ad-Hoc|iPhoneSimulator.Build.0 = Debug|Any CPU
		{72122DF0-35F2-43C7-AE54-430C73514985}.AppStore|Any CPU.ActiveCfg = Debug|Any CPU
		{72122DF0-35F2-43C7-AE54-430C73514985}.AppStore|Any CPU.Build.0 = Debug|Any CPU
		{72122DF0-35F2-43C7-AE54-430C73514985}.AppStore|iPhone.ActiveCfg = Debug|Any CPU
		{72122DF0-35F2-43C7-AE54-430C73514985}.AppStore|iPhone.Build.0 = Debug|Any CPU
		{72122DF0-35F2-43C7-AE54-430C73514985}.AppStore|iPhoneSimulator.ActiveCfg = Debug|Any CPU
		{72122DF0-35F2-43C7-AE54-430C73514985}.AppStore|iPhoneSimulator.Build.0 = Debug|Any CPU
		{72122DF0-35F2-43C7-AE54-430C73514985}.Debug|Any CPU.ActiveCfg = Debug|Any CPU
		{72122DF0-35F2-43C7-AE54-430C73514985}.Debug|Any CPU.Build.0 = Debug|Any CPU
		{72122DF0-35F2-43C7-AE54-430C73514985}.Debug|iPhone.ActiveCfg = Debug|Any CPU
		{72122DF0-35F2-43C7-AE54-430C73514985}.Debug|iPhone.Build.0 = Debug|Any CPU
		{72122DF0-35F2-43C7-AE54-430C73514985}.Debug|iPhoneSimulator.ActiveCfg = Debug|Any CPU
		{72122DF0-35F2-43C7-AE54-430C73514985}.Debug|iPhoneSimulator.Build.0 = Debug|Any CPU
		{72122DF0-35F2-43C7-AE54-430C73514985}.Release|Any CPU.ActiveCfg = Release|Any CPU
		{72122DF0-35F2-43C7-AE54-430C73514985}.Release|Any CPU.Build.0 = Release|Any CPU
		{72122DF0-35F2-43C7-AE54-430C73514985}.Release|iPhone.ActiveCfg = Release|Any CPU
		{72122DF0-35F2-43C7-AE54-430C73514985}.Release|iPhone.Build.0 = Release|Any CPU
		{72122DF0-35F2-43C7-AE54-430C73514985}.Release|iPhoneSimulator.ActiveCfg = Release|Any CPU
		{72122DF0-35F2-43C7-AE54-430C73514985}.Release|iPhoneSimulator.Build.0 = Release|Any CPU
		{40F96E36-F7FD-4A55-B5A9-BE8A426E5B3B}.Ad-Hoc|Any CPU.ActiveCfg = Release|Any CPU
		{40F96E36-F7FD-4A55-B5A9-BE8A426E5B3B}.Ad-Hoc|Any CPU.Build.0 = Release|Any CPU
		{40F96E36-F7FD-4A55-B5A9-BE8A426E5B3B}.Ad-Hoc|Any CPU.Deploy.0 = Release|Any CPU
		{40F96E36-F7FD-4A55-B5A9-BE8A426E5B3B}.Ad-Hoc|iPhone.ActiveCfg = Release|Any CPU
		{40F96E36-F7FD-4A55-B5A9-BE8A426E5B3B}.Ad-Hoc|iPhone.Build.0 = Release|Any CPU
		{40F96E36-F7FD-4A55-B5A9-BE8A426E5B3B}.Ad-Hoc|iPhone.Deploy.0 = Release|Any CPU
		{40F96E36-F7FD-4A55-B5A9-BE8A426E5B3B}.Ad-Hoc|iPhoneSimulator.ActiveCfg = Release|Any CPU
		{40F96E36-F7FD-4A55-B5A9-BE8A426E5B3B}.Ad-Hoc|iPhoneSimulator.Build.0 = Release|Any CPU
		{40F96E36-F7FD-4A55-B5A9-BE8A426E5B3B}.Ad-Hoc|iPhoneSimulator.Deploy.0 = Release|Any CPU
		{40F96E36-F7FD-4A55-B5A9-BE8A426E5B3B}.AppStore|Any CPU.ActiveCfg = Release|Any CPU
		{40F96E36-F7FD-4A55-B5A9-BE8A426E5B3B}.AppStore|Any CPU.Build.0 = Release|Any CPU
		{40F96E36-F7FD-4A55-B5A9-BE8A426E5B3B}.AppStore|Any CPU.Deploy.0 = Release|Any CPU
		{40F96E36-F7FD-4A55-B5A9-BE8A426E5B3B}.AppStore|iPhone.ActiveCfg = Release|Any CPU
		{40F96E36-F7FD-4A55-B5A9-BE8A426E5B3B}.AppStore|iPhone.Build.0 = Release|Any CPU
		{40F96E36-F7FD-4A55-B5A9-BE8A426E5B3B}.AppStore|iPhone.Deploy.0 = Release|Any CPU
		{40F96E36-F7FD-4A55-B5A9-BE8A426E5B3B}.AppStore|iPhoneSimulator.ActiveCfg = Release|Any CPU
		{40F96E36-F7FD-4A55-B5A9-BE8A426E5B3B}.AppStore|iPhoneSimulator.Build.0 = Release|Any CPU
		{40F96E36-F7FD-4A55-B5A9-BE8A426E5B3B}.AppStore|iPhoneSimulator.Deploy.0 = Release|Any CPU
		{40F96E36-F7FD-4A55-B5A9-BE8A426E5B3B}.Debug|Any CPU.ActiveCfg = Debug|Any CPU
		{40F96E36-F7FD-4A55-B5A9-BE8A426E5B3B}.Debug|Any CPU.Build.0 = Debug|Any CPU
		{40F96E36-F7FD-4A55-B5A9-BE8A426E5B3B}.Debug|Any CPU.Deploy.0 = Debug|Any CPU
		{40F96E36-F7FD-4A55-B5A9-BE8A426E5B3B}.Debug|iPhone.ActiveCfg = Debug|Any CPU
		{40F96E36-F7FD-4A55-B5A9-BE8A426E5B3B}.Debug|iPhone.Build.0 = Debug|Any CPU
		{40F96E36-F7FD-4A55-B5A9-BE8A426E5B3B}.Debug|iPhone.Deploy.0 = Debug|Any CPU
		{40F96E36-F7FD-4A55-B5A9-BE8A426E5B3B}.Debug|iPhoneSimulator.ActiveCfg = Debug|Any CPU
		{40F96E36-F7FD-4A55-B5A9-BE8A426E5B3B}.Debug|iPhoneSimulator.Build.0 = Debug|Any CPU
		{40F96E36-F7FD-4A55-B5A9-BE8A426E5B3B}.Debug|iPhoneSimulator.Deploy.0 = Debug|Any CPU
		{40F96E36-F7FD-4A55-B5A9-BE8A426E5B3B}.Release|Any CPU.ActiveCfg = Release|Any CPU
		{40F96E36-F7FD-4A55-B5A9-BE8A426E5B3B}.Release|Any CPU.Build.0 = Release|Any CPU
		{40F96E36-F7FD-4A55-B5A9-BE8A426E5B3B}.Release|Any CPU.Deploy.0 = Release|Any CPU
		{40F96E36-F7FD-4A55-B5A9-BE8A426E5B3B}.Release|iPhone.ActiveCfg = Release|Any CPU
		{40F96E36-F7FD-4A55-B5A9-BE8A426E5B3B}.Release|iPhone.Build.0 = Release|Any CPU
		{40F96E36-F7FD-4A55-B5A9-BE8A426E5B3B}.Release|iPhone.Deploy.0 = Release|Any CPU
		{40F96E36-F7FD-4A55-B5A9-BE8A426E5B3B}.Release|iPhoneSimulator.ActiveCfg = Release|Any CPU
		{40F96E36-F7FD-4A55-B5A9-BE8A426E5B3B}.Release|iPhoneSimulator.Build.0 = Release|Any CPU
		{40F96E36-F7FD-4A55-B5A9-BE8A426E5B3B}.Release|iPhoneSimulator.Deploy.0 = Release|Any CPU
		{06DA0CCF-5E85-41FB-A267-4475627C3313}.Ad-Hoc|Any CPU.ActiveCfg = Ad-Hoc|iPhone
		{06DA0CCF-5E85-41FB-A267-4475627C3313}.Ad-Hoc|iPhone.ActiveCfg = Ad-Hoc|iPhone
		{06DA0CCF-5E85-41FB-A267-4475627C3313}.Ad-Hoc|iPhone.Build.0 = Ad-Hoc|iPhone
		{06DA0CCF-5E85-41FB-A267-4475627C3313}.Ad-Hoc|iPhoneSimulator.ActiveCfg = Ad-Hoc|iPhoneSimulator
		{06DA0CCF-5E85-41FB-A267-4475627C3313}.Ad-Hoc|iPhoneSimulator.Build.0 = Ad-Hoc|iPhoneSimulator
		{06DA0CCF-5E85-41FB-A267-4475627C3313}.AppStore|Any CPU.ActiveCfg = AppStore|iPhone
		{06DA0CCF-5E85-41FB-A267-4475627C3313}.AppStore|iPhone.ActiveCfg = AppStore|iPhone
		{06DA0CCF-5E85-41FB-A267-4475627C3313}.AppStore|iPhone.Build.0 = AppStore|iPhone
		{06DA0CCF-5E85-41FB-A267-4475627C3313}.AppStore|iPhoneSimulator.ActiveCfg = AppStore|iPhoneSimulator
		{06DA0CCF-5E85-41FB-A267-4475627C3313}.AppStore|iPhoneSimulator.Build.0 = AppStore|iPhoneSimulator
		{06DA0CCF-5E85-41FB-A267-4475627C3313}.Debug|Any CPU.ActiveCfg = Debug|iPhone
		{06DA0CCF-5E85-41FB-A267-4475627C3313}.Debug|iPhone.ActiveCfg = Debug|iPhone
		{06DA0CCF-5E85-41FB-A267-4475627C3313}.Debug|iPhone.Build.0 = Debug|iPhone
		{06DA0CCF-5E85-41FB-A267-4475627C3313}.Debug|iPhoneSimulator.ActiveCfg = Debug|iPhoneSimulator
		{06DA0CCF-5E85-41FB-A267-4475627C3313}.Debug|iPhoneSimulator.Build.0 = Debug|iPhoneSimulator
		{06DA0CCF-5E85-41FB-A267-4475627C3313}.Release|Any CPU.ActiveCfg = Release|iPhone
		{06DA0CCF-5E85-41FB-A267-4475627C3313}.Release|iPhone.ActiveCfg = Release|iPhone
		{06DA0CCF-5E85-41FB-A267-4475627C3313}.Release|iPhone.Build.0 = Release|iPhone
		{06DA0CCF-5E85-41FB-A267-4475627C3313}.Release|iPhoneSimulator.ActiveCfg = Release|iPhoneSimulator
		{06DA0CCF-5E85-41FB-A267-4475627C3313}.Release|iPhoneSimulator.Build.0 = Release|iPhoneSimulator
	EndGlobalSection
	GlobalSection(SolutionProperties) = preSolution
		HideSolutionNode = FALSE
	EndGlobalSection
	GlobalSection(ExtensibilityGlobals) = postSolution
		SolutionGuid = {EA092ACD-5A7B-483F-8458-AC38754DD54F}
	EndGlobalSection
EndGlobal
