
Microsoft Visual Studio Solution File, Format Version 12.00
# Visual Studio Version 16
VisualStudioVersion = 16.0.29123.89
MinimumVisualStudioVersion = 10.0.40219.1
Project("{9A19103F-16F7-4668-BE54-9A1E7A4F7556}") = "MyVet.Common", "MyVet.Common\MyVet.Common.csproj", "{4F7BF76F-89A4-4498-8924-B6443A418BF0}"
EndProject
Project("{FAE04EC0-301F-11D3-BF4B-00C04F79EFBC}") = "MyVet.Web", "MyVet.Web\MyVet.Web.csproj", "{A247E077-1D96-415A-BCAC-B4868B620FCE}"
EndProject
Global
	GlobalSection(SolutionConfigurationPlatforms) = preSolution
		Debug|Any CPU = Debug|Any CPU
		Release|Any CPU = Release|Any CPU
	EndGlobalSection
	GlobalSection(ProjectConfigurationPlatforms) = postSolution
		{4F7BF76F-89A4-4498-8924-B6443A418BF0}.Debug|Any CPU.ActiveCfg = Debug|Any CPU
		{4F7BF76F-89A4-4498-8924-B6443A418BF0}.Debug|Any CPU.Build.0 = Debug|Any CPU
		{4F7BF76F-89A4-4498-8924-B6443A418BF0}.Release|Any CPU.ActiveCfg = Release|Any CPU
		{4F7BF76F-89A4-4498-8924-B6443A418BF0}.Release|Any CPU.Build.0 = Release|Any CPU
		{A247E077-1D96-415A-BCAC-B4868B620FCE}.Debug|Any CPU.ActiveCfg = Debug|Any CPU
		{A247E077-1D96-415A-BCAC-B4868B620FCE}.Debug|Any CPU.Build.0 = Debug|Any CPU
		{A247E077-1D96-415A-BCAC-B4868B620FCE}.Release|Any CPU.ActiveCfg = Release|Any CPU
		{A247E077-1D96-415A-BCAC-B4868B620FCE}.Release|Any CPU.Build.0 = Release|Any CPU
	EndGlobalSection
	GlobalSection(SolutionProperties) = preSolution
		HideSolutionNode = FALSE
	EndGlobalSection
	GlobalSection(ExtensibilityGlobals) = postSolution
		SolutionGuid = {EA092ACD-5A7B-483F-8458-AC38754DD54F}
	EndGlobalSection
EndGlobal
